
Microsoft Visual Studio Solution File, Format Version 12.00
# Visual Studio Version 17
VisualStudioVersion = 17.11.35312.102
MinimumVisualStudioVersion = 10.0.40219.1
Project("{FAE04EC0-301F-11D3-BF4B-00C04F79EFBC}") = "01_MainSubjects", "01_MainSubjects\01_MainSubjects.csproj", "{5E6C945A-8852-4C21-9F09-64E62E020281}"
EndProject
Project("{FAE04EC0-301F-11D3-BF4B-00C04F79EFBC}") = "02_Variables", "02_Variables\02_Variables.csproj", "{C288093C-2703-4583-8348-E74B9ED2C104}"
EndProject
Project("{FAE04EC0-301F-11D3-BF4B-00C04F79EFBC}") = "03_MakingDecision", "03_MakingDecision\03_MakingDecision.csproj", "{51A2EF04-E90E-400B-9285-121C4F72E7DA}"
EndProject
Project("{FAE04EC0-301F-11D3-BF4B-00C04F79EFBC}") = "04_Loops", "04_Loops\04_Loops.csproj", "{D2CCDDAC-77BD-4B98-896D-07B47F05CEF1}"
EndProject
Project("{FAE04EC0-301F-11D3-BF4B-00C04F79EFBC}") = "05_LoopsWithStars", "05_LoopsWithStars\05_LoopsWithStars.csproj", "{510AA395-2FCB-4910-A89D-7081C5B954F9}"
EndProject
Project("{FAE04EC0-301F-11D3-BF4B-00C04F79EFBC}") = "06_Arrays", "06_Arrays\06_Arrays.csproj", "{245B5F96-BB51-4AEB-A737-E28479117D36}"
EndProject
Project("{FAE04EC0-301F-11D3-BF4B-00C04F79EFBC}") = "07_ForeachLoop", "07_ForeachLoops\07_ForeachLoop.csproj", "{BD0517CE-6A09-4D1F-B27D-1729285832E5}"
EndProject
Global
	GlobalSection(SolutionConfigurationPlatforms) = preSolution
		Debug|Any CPU = Debug|Any CPU
		Release|Any CPU = Release|Any CPU
	EndGlobalSection
	GlobalSection(ProjectConfigurationPlatforms) = postSolution
		{5E6C945A-8852-4C21-9F09-64E62E020281}.Debug|Any CPU.ActiveCfg = Debug|Any CPU
		{5E6C945A-8852-4C21-9F09-64E62E020281}.Debug|Any CPU.Build.0 = Debug|Any CPU
		{5E6C945A-8852-4C21-9F09-64E62E020281}.Release|Any CPU.ActiveCfg = Release|Any CPU
		{5E6C945A-8852-4C21-9F09-64E62E020281}.Release|Any CPU.Build.0 = Release|Any CPU
		{C288093C-2703-4583-8348-E74B9ED2C104}.Debug|Any CPU.ActiveCfg = Debug|Any CPU
		{C288093C-2703-4583-8348-E74B9ED2C104}.Debug|Any CPU.Build.0 = Debug|Any CPU
		{C288093C-2703-4583-8348-E74B9ED2C104}.Release|Any CPU.ActiveCfg = Release|Any CPU
		{C288093C-2703-4583-8348-E74B9ED2C104}.Release|Any CPU.Build.0 = Release|Any CPU
		{51A2EF04-E90E-400B-9285-121C4F72E7DA}.Debug|Any CPU.ActiveCfg = Debug|Any CPU
		{51A2EF04-E90E-400B-9285-121C4F72E7DA}.Debug|Any CPU.Build.0 = Debug|Any CPU
		{51A2EF04-E90E-400B-9285-121C4F72E7DA}.Release|Any CPU.ActiveCfg = Release|Any CPU
		{51A2EF04-E90E-400B-9285-121C4F72E7DA}.Release|Any CPU.Build.0 = Release|Any CPU
		{D2CCDDAC-77BD-4B98-896D-07B47F05CEF1}.Debug|Any CPU.ActiveCfg = Debug|Any CPU
		{D2CCDDAC-77BD-4B98-896D-07B47F05CEF1}.Debug|Any CPU.Build.0 = Debug|Any CPU
		{D2CCDDAC-77BD-4B98-896D-07B47F05CEF1}.Release|Any CPU.ActiveCfg = Release|Any CPU
		{D2CCDDAC-77BD-4B98-896D-07B47F05CEF1}.Release|Any CPU.Build.0 = Release|Any CPU
		{510AA395-2FCB-4910-A89D-7081C5B954F9}.Debug|Any CPU.ActiveCfg = Debug|Any CPU
		{510AA395-2FCB-4910-A89D-7081C5B954F9}.Debug|Any CPU.Build.0 = Debug|Any CPU
		{510AA395-2FCB-4910-A89D-7081C5B954F9}.Release|Any CPU.ActiveCfg = Release|Any CPU
		{510AA395-2FCB-4910-A89D-7081C5B954F9}.Release|Any CPU.Build.0 = Release|Any CPU
		{245B5F96-BB51-4AEB-A737-E28479117D36}.Debug|Any CPU.ActiveCfg = Debug|Any CPU
		{245B5F96-BB51-4AEB-A737-E28479117D36}.Debug|Any CPU.Build.0 = Debug|Any CPU
		{245B5F96-BB51-4AEB-A737-E28479117D36}.Release|Any CPU.ActiveCfg = Release|Any CPU
		{245B5F96-BB51-4AEB-A737-E28479117D36}.Release|Any CPU.Build.0 = Release|Any CPU
		{BD0517CE-6A09-4D1F-B27D-1729285832E5}.Debug|Any CPU.ActiveCfg = Debug|Any CPU
		{BD0517CE-6A09-4D1F-B27D-1729285832E5}.Debug|Any CPU.Build.0 = Debug|Any CPU
		{BD0517CE-6A09-4D1F-B27D-1729285832E5}.Release|Any CPU.ActiveCfg = Release|Any CPU
		{BD0517CE-6A09-4D1F-B27D-1729285832E5}.Release|Any CPU.Build.0 = Release|Any CPU
	EndGlobalSection
	GlobalSection(SolutionProperties) = preSolution
		HideSolutionNode = FALSE
	EndGlobalSection
	GlobalSection(ExtensibilityGlobals) = postSolution
		SolutionGuid = {5F0A3FC2-E508-46CF-9DA2-2437E40EE206}
	EndGlobalSection
EndGlobal
